
Microsoft Visual Studio Solution File, Format Version 12.00
# Visual Studio Version 17
VisualStudioVersion = 17.10.35027.167
MinimumVisualStudioVersion = 10.0.40219.1
Project("{FAE04EC0-301F-11D3-BF4B-00C04F79EFBC}") = "ApiStore", "ApiStore\ApiStore.csproj", "{5ECA453B-79BE-42DB-8016-8BBD312FA43A}"
EndProject
Global
	GlobalSection(SolutionConfigurationPlatforms) = preSolution
		Debug|Any CPU = Debug|Any CPU
		Release|Any CPU = Release|Any CPU
	EndGlobalSection
	GlobalSection(ProjectConfigurationPlatforms) = postSolution
		{5ECA453B-79BE-42DB-8016-8BBD312FA43A}.Debug|Any CPU.ActiveCfg = Debug|Any CPU
		{5ECA453B-79BE-42DB-8016-8BBD312FA43A}.Debug|Any CPU.Build.0 = Debug|Any CPU
		{5ECA453B-79BE-42DB-8016-8BBD312FA43A}.Release|Any CPU.ActiveCfg = Release|Any CPU
		{5ECA453B-79BE-42DB-8016-8BBD312FA43A}.Release|Any CPU.Build.0 = Release|Any CPU
	EndGlobalSection
	GlobalSection(SolutionProperties) = preSolution
		HideSolutionNode = FALSE
	EndGlobalSection
	GlobalSection(ExtensibilityGlobals) = postSolution
		SolutionGuid = {E446BF3C-741C-4630-9734-034528325E99}
	EndGlobalSection
EndGlobal
